
Microsoft Visual Studio Solution File, Format Version 12.00
# Visual Studio 2012
Project("{FAE04EC0-301F-11D3-BF4B-00C04F79EFBC}") = "MonoberryProject", "MonoberryProject\MonoberryProject.csproj", "{F2946286-DC6B-4DE4-897A-CEC64B42C604}"
EndProject
Project("{FAE04EC0-301F-11D3-BF4B-00C04F79EFBC}") = "MonoberryPackage", "MonoberryPackage\MonoberryPackage.csproj", "{BE2F70E4-4B3D-4227-B6FD-A738E39695A4}"
EndProject
Project("{FAE04EC0-301F-11D3-BF4B-00C04F79EFBC}") = "MonoberryVSIX", "MonoberryVSIX\MonoberryVSIX.csproj", "{E185443A-ECA0-465D-B5EC-D71DB52B94C1}"
EndProject
Project("{FAE04EC0-301F-11D3-BF4B-00C04F79EFBC}") = "MonoberryWizard", "MonoberryWizard\MonoberryWizard.csproj", "{0A168138-0C1D-494E-8DC9-18408FCEF0E9}"
EndProject
Project("{FAE04EC0-301F-11D3-BF4B-00C04F79EFBC}") = "WizardApplication", "WizardApplication\WizardApplication.csproj", "{07059139-E3FC-476F-B818-C2CF32FD8F9F}"
EndProject
Global
	GlobalSection(SolutionConfigurationPlatforms) = preSolution
		Debug|Any CPU = Debug|Any CPU
		Release|Any CPU = Release|Any CPU
	EndGlobalSection
	GlobalSection(ProjectConfigurationPlatforms) = postSolution
		{F2946286-DC6B-4DE4-897A-CEC64B42C604}.Debug|Any CPU.ActiveCfg = Debug|Any CPU
		{F2946286-DC6B-4DE4-897A-CEC64B42C604}.Debug|Any CPU.Build.0 = Debug|Any CPU
		{F2946286-DC6B-4DE4-897A-CEC64B42C604}.Release|Any CPU.ActiveCfg = Release|Any CPU
		{F2946286-DC6B-4DE4-897A-CEC64B42C604}.Release|Any CPU.Build.0 = Release|Any CPU
		{BE2F70E4-4B3D-4227-B6FD-A738E39695A4}.Debug|Any CPU.ActiveCfg = Debug|Any CPU
		{BE2F70E4-4B3D-4227-B6FD-A738E39695A4}.Debug|Any CPU.Build.0 = Debug|Any CPU
		{BE2F70E4-4B3D-4227-B6FD-A738E39695A4}.Release|Any CPU.ActiveCfg = Release|Any CPU
		{BE2F70E4-4B3D-4227-B6FD-A738E39695A4}.Release|Any CPU.Build.0 = Release|Any CPU
		{E185443A-ECA0-465D-B5EC-D71DB52B94C1}.Debug|Any CPU.ActiveCfg = Debug|Any CPU
		{E185443A-ECA0-465D-B5EC-D71DB52B94C1}.Debug|Any CPU.Build.0 = Debug|Any CPU
		{E185443A-ECA0-465D-B5EC-D71DB52B94C1}.Release|Any CPU.ActiveCfg = Release|Any CPU
		{E185443A-ECA0-465D-B5EC-D71DB52B94C1}.Release|Any CPU.Build.0 = Release|Any CPU
		{0A168138-0C1D-494E-8DC9-18408FCEF0E9}.Debug|Any CPU.ActiveCfg = Debug|Any CPU
		{0A168138-0C1D-494E-8DC9-18408FCEF0E9}.Debug|Any CPU.Build.0 = Debug|Any CPU
		{0A168138-0C1D-494E-8DC9-18408FCEF0E9}.Release|Any CPU.ActiveCfg = Release|Any CPU
		{0A168138-0C1D-494E-8DC9-18408FCEF0E9}.Release|Any CPU.Build.0 = Release|Any CPU
		{07059139-E3FC-476F-B818-C2CF32FD8F9F}.Debug|Any CPU.ActiveCfg = Debug|Any CPU
		{07059139-E3FC-476F-B818-C2CF32FD8F9F}.Debug|Any CPU.Build.0 = Debug|Any CPU
		{07059139-E3FC-476F-B818-C2CF32FD8F9F}.Release|Any CPU.ActiveCfg = Release|Any CPU
		{07059139-E3FC-476F-B818-C2CF32FD8F9F}.Release|Any CPU.Build.0 = Release|Any CPU
	EndGlobalSection
	GlobalSection(SolutionProperties) = preSolution
		HideSolutionNode = FALSE
	EndGlobalSection
EndGlobal
